
Microsoft Visual Studio Solution File, Format Version 12.00
# Visual Studio Version 16
VisualStudioVersion = 16.0.32413.511
MinimumVisualStudioVersion = 10.0.40219.1
Project("{FAE04EC0-301F-11D3-BF4B-00C04F79EFBC}") = "Conditional", "ConsoleApp1\Conditional.csproj", "{DE5D9318-FD8F-4275-BAA1-A8C7D0FCEF7D}"
EndProject
Global
	GlobalSection(SolutionConfigurationPlatforms) = preSolution
		Debug|Any CPU = Debug|Any CPU
		Release|Any CPU = Release|Any CPU
	EndGlobalSection
	GlobalSection(ProjectConfigurationPlatforms) = postSolution
		{DE5D9318-FD8F-4275-BAA1-A8C7D0FCEF7D}.Debug|Any CPU.ActiveCfg = Debug|Any CPU
		{DE5D9318-FD8F-4275-BAA1-A8C7D0FCEF7D}.Debug|Any CPU.Build.0 = Debug|Any CPU
		{DE5D9318-FD8F-4275-BAA1-A8C7D0FCEF7D}.Release|Any CPU.ActiveCfg = Release|Any CPU
		{DE5D9318-FD8F-4275-BAA1-A8C7D0FCEF7D}.Release|Any CPU.Build.0 = Release|Any CPU
	EndGlobalSection
	GlobalSection(SolutionProperties) = preSolution
		HideSolutionNode = FALSE
	EndGlobalSection
	GlobalSection(ExtensibilityGlobals) = postSolution
		SolutionGuid = {ED288784-9AE4-4BC9-A6E6-0C606A697240}
	EndGlobalSection
EndGlobal
