
Microsoft Visual Studio Solution File, Format Version 12.00
# Visual Studio Version 16
VisualStudioVersion = 16.0.32413.511
MinimumVisualStudioVersion = 10.0.40219.1
Project("{FAE04EC0-301F-11D3-BF4B-00C04F79EFBC}") = "BACKJOON_codingTest", "BACKJOON_codingTest\BACKJOON_codingTest.csproj", "{6E8E98B5-FC81-40D8-A1FE-3C8415E9A376}"
EndProject
Global
	GlobalSection(SolutionConfigurationPlatforms) = preSolution
		Debug|Any CPU = Debug|Any CPU
		Release|Any CPU = Release|Any CPU
	EndGlobalSection
	GlobalSection(ProjectConfigurationPlatforms) = postSolution
		{6E8E98B5-FC81-40D8-A1FE-3C8415E9A376}.Debug|Any CPU.ActiveCfg = Debug|Any CPU
		{6E8E98B5-FC81-40D8-A1FE-3C8415E9A376}.Debug|Any CPU.Build.0 = Debug|Any CPU
		{6E8E98B5-FC81-40D8-A1FE-3C8415E9A376}.Release|Any CPU.ActiveCfg = Release|Any CPU
		{6E8E98B5-FC81-40D8-A1FE-3C8415E9A376}.Release|Any CPU.Build.0 = Release|Any CPU
	EndGlobalSection
	GlobalSection(SolutionProperties) = preSolution
		HideSolutionNode = FALSE
	EndGlobalSection
	GlobalSection(ExtensibilityGlobals) = postSolution
		SolutionGuid = {0C930A12-966B-4804-8C06-8EE043E576D4}
	EndGlobalSection
EndGlobal
